
Microsoft Visual Studio Solution File, Format Version 12.00
# Visual Studio 14
VisualStudioVersion = 14.0.25123.0
MinimumVisualStudioVersion = 10.0.40219.1
Project("{FAE04EC0-301F-11D3-BF4B-00C04F79EFBC}") = "TaskWidget.Droid", "TaskWidget\TaskWidget.Droid\TaskWidget.Droid.csproj", "{A442F00C-7041-463E-9EC2-A4C813BC27CD}"
EndProject
Project("{FAE04EC0-301F-11D3-BF4B-00C04F79EFBC}") = "TaskWidget.iOS", "TaskWidget\TaskWidget.iOS\TaskWidget.iOS.csproj", "{853375B5-674B-4D1E-A3AD-0F9A8F464B1B}"
EndProject
Project("{FAE04EC0-301F-11D3-BF4B-00C04F79EFBC}") = "TaskWidget.WinPhone", "TaskWidget\TaskWidget.WinPhone\TaskWidget.WinPhone.csproj", "{08542A23-B508-4507-96B7-745223B2D696}"
EndProject
Project("{FAE04EC0-301F-11D3-BF4B-00C04F79EFBC}") = "TaskWidget.UWP", "TaskWidget\TaskWidget.UWP\TaskWidget.UWP.csproj", "{D8F4D5DE-3652-48B0-8295-08DAA95081EF}"
EndProject
Project("{FAE04EC0-301F-11D3-BF4B-00C04F79EFBC}") = "TaskWidget.Windows", "TaskWidget\TaskWidget.Windows\TaskWidget.Windows.csproj", "{FD8310E3-F412-4CF9-B16D-68CED8FA02BE}"
EndProject
Project("{FAE04EC0-301F-11D3-BF4B-00C04F79EFBC}") = "TaskWidget", "TaskWidget\TaskWidget\TaskWidget.csproj", "{CD340374-E01F-483A-ADD6-920F30A9234D}"
EndProject
Global
	GlobalSection(SolutionConfigurationPlatforms) = preSolution
		Ad-Hoc|Any CPU = Ad-Hoc|Any CPU
		Ad-Hoc|ARM = Ad-Hoc|ARM
		Ad-Hoc|iPhone = Ad-Hoc|iPhone
		Ad-Hoc|iPhoneSimulator = Ad-Hoc|iPhoneSimulator
		Ad-Hoc|x64 = Ad-Hoc|x64
		Ad-Hoc|x86 = Ad-Hoc|x86
		AppStore|Any CPU = AppStore|Any CPU
		AppStore|ARM = AppStore|ARM
		AppStore|iPhone = AppStore|iPhone
		AppStore|iPhoneSimulator = AppStore|iPhoneSimulator
		AppStore|x64 = AppStore|x64
		AppStore|x86 = AppStore|x86
		Debug|Any CPU = Debug|Any CPU
		Debug|ARM = Debug|ARM
		Debug|iPhone = Debug|iPhone
		Debug|iPhoneSimulator = Debug|iPhoneSimulator
		Debug|x64 = Debug|x64
		Debug|x86 = Debug|x86
		Release|Any CPU = Release|Any CPU
		Release|ARM = Release|ARM
		Release|iPhone = Release|iPhone
		Release|iPhoneSimulator = Release|iPhoneSimulator
		Release|x64 = Release|x64
		Release|x86 = Release|x86
	EndGlobalSection
	GlobalSection(ProjectConfigurationPlatforms) = postSolution
		{A442F00C-7041-463E-9EC2-A4C813BC27CD}.Ad-Hoc|Any CPU.ActiveCfg = Release|Any CPU
		{A442F00C-7041-463E-9EC2-A4C813BC27CD}.Ad-Hoc|Any CPU.Build.0 = Release|Any CPU
		{A442F00C-7041-463E-9EC2-A4C813BC27CD}.Ad-Hoc|Any CPU.Deploy.0 = Release|Any CPU
		{A442F00C-7041-463E-9EC2-A4C813BC27CD}.Ad-Hoc|ARM.ActiveCfg = Release|Any CPU
		{A442F00C-7041-463E-9EC2-A4C813BC27CD}.Ad-Hoc|ARM.Build.0 = Release|Any CPU
		{A442F00C-7041-463E-9EC2-A4C813BC27CD}.Ad-Hoc|ARM.Deploy.0 = Release|Any CPU
		{A442F00C-7041-463E-9EC2-A4C813BC27CD}.Ad-Hoc|iPhone.ActiveCfg = Release|Any CPU
		{A442F00C-7041-463E-9EC2-A4C813BC27CD}.Ad-Hoc|iPhone.Build.0 = Release|Any CPU
		{A442F00C-7041-463E-9EC2-A4C813BC27CD}.Ad-Hoc|iPhone.Deploy.0 = Release|Any CPU
		{A442F00C-7041-463E-9EC2-A4C813BC27CD}.Ad-Hoc|iPhoneSimulator.ActiveCfg = Release|Any CPU
		{A442F00C-7041-463E-9EC2-A4C813BC27CD}.Ad-Hoc|iPhoneSimulator.Build.0 = Release|Any CPU
		{A442F00C-7041-463E-9EC2-A4C813BC27CD}.Ad-Hoc|iPhoneSimulator.Deploy.0 = Release|Any CPU
		{A442F00C-7041-463E-9EC2-A4C813BC27CD}.Ad-Hoc|x64.ActiveCfg = Release|Any CPU
		{A442F00C-7041-463E-9EC2-A4C813BC27CD}.Ad-Hoc|x64.Build.0 = Release|Any CPU
		{A442F00C-7041-463E-9EC2-A4C813BC27CD}.Ad-Hoc|x64.Deploy.0 = Release|Any CPU
		{A442F00C-7041-463E-9EC2-A4C813BC27CD}.Ad-Hoc|x86.ActiveCfg = Release|Any CPU
		{A442F00C-7041-463E-9EC2-A4C813BC27CD}.Ad-Hoc|x86.Build.0 = Release|Any CPU
		{A442F00C-7041-463E-9EC2-A4C813BC27CD}.Ad-Hoc|x86.Deploy.0 = Release|Any CPU
		{A442F00C-7041-463E-9EC2-A4C813BC27CD}.AppStore|Any CPU.ActiveCfg = Release|Any CPU
		{A442F00C-7041-463E-9EC2-A4C813BC27CD}.AppStore|Any CPU.Build.0 = Release|Any CPU
		{A442F00C-7041-463E-9EC2-A4C813BC27CD}.AppStore|Any CPU.Deploy.0 = Release|Any CPU
		{A442F00C-7041-463E-9EC2-A4C813BC27CD}.AppStore|ARM.ActiveCfg = Release|Any CPU
		{A442F00C-7041-463E-9EC2-A4C813BC27CD}.AppStore|ARM.Build.0 = Release|Any CPU
		{A442F00C-7041-463E-9EC2-A4C813BC27CD}.AppStore|ARM.Deploy.0 = Release|Any CPU
		{A442F00C-7041-463E-9EC2-A4C813BC27CD}.AppStore|iPhone.ActiveCfg = Release|Any CPU
		{A442F00C-7041-463E-9EC2-A4C813BC27CD}.AppStore|iPhone.Build.0 = Release|Any CPU
		{A442F00C-7041-463E-9EC2-A4C813BC27CD}.AppStore|iPhone.Deploy.0 = Release|Any CPU
		{A442F00C-7041-463E-9EC2-A4C813BC27CD}.AppStore|iPhoneSimulator.ActiveCfg = Release|Any CPU
		{A442F00C-7041-463E-9EC2-A4C813BC27CD}.AppStore|iPhoneSimulator.Build.0 = Release|Any CPU
		{A442F00C-7041-463E-9EC2-A4C813BC27CD}.AppStore|iPhoneSimulator.Deploy.0 = Release|Any CPU
		{A442F00C-7041-463E-9EC2-A4C813BC27CD}.AppStore|x64.ActiveCfg = Release|Any CPU
		{A442F00C-7041-463E-9EC2-A4C813BC27CD}.AppStore|x64.Build.0 = Release|Any CPU
		{A442F00C-7041-463E-9EC2-A4C813BC27CD}.AppStore|x64.Deploy.0 = Release|Any CPU
		{A442F00C-7041-463E-9EC2-A4C813BC27CD}.AppStore|x86.ActiveCfg = Release|Any CPU
		{A442F00C-7041-463E-9EC2-A4C813BC27CD}.AppStore|x86.Build.0 = Release|Any CPU
		{A442F00C-7041-463E-9EC2-A4C813BC27CD}.AppStore|x86.Deploy.0 = Release|Any CPU
		{A442F00C-7041-463E-9EC2-A4C813BC27CD}.Debug|Any CPU.ActiveCfg = Debug|Any CPU
		{A442F00C-7041-463E-9EC2-A4C813BC27CD}.Debug|Any CPU.Build.0 = Debug|Any CPU
		{A442F00C-7041-463E-9EC2-A4C813BC27CD}.Debug|Any CPU.Deploy.0 = Debug|Any CPU
		{A442F00C-7041-463E-9EC2-A4C813BC27CD}.Debug|ARM.ActiveCfg = Debug|Any CPU
		{A442F00C-7041-463E-9EC2-A4C813BC27CD}.Debug|ARM.Build.0 = Debug|Any CPU
		{A442F00C-7041-463E-9EC2-A4C813BC27CD}.Debug|ARM.Deploy.0 = Debug|Any CPU
		{A442F00C-7041-463E-9EC2-A4C813BC27CD}.Debug|iPhone.ActiveCfg = Debug|Any CPU
		{A442F00C-7041-463E-9EC2-A4C813BC27CD}.Debug|iPhone.Build.0 = Debug|Any CPU
		{A442F00C-7041-463E-9EC2-A4C813BC27CD}.Debug|iPhone.Deploy.0 = Debug|Any CPU
		{A442F00C-7041-463E-9EC2-A4C813BC27CD}.Debug|iPhoneSimulator.ActiveCfg = Debug|Any CPU
		{A442F00C-7041-463E-9EC2-A4C813BC27CD}.Debug|iPhoneSimulator.Build.0 = Debug|Any CPU
		{A442F00C-7041-463E-9EC2-A4C813BC27CD}.Debug|iPhoneSimulator.Deploy.0 = Debug|Any CPU
		{A442F00C-7041-463E-9EC2-A4C813BC27CD}.Debug|x64.ActiveCfg = Debug|Any CPU
		{A442F00C-7041-463E-9EC2-A4C813BC27CD}.Debug|x64.Build.0 = Debug|Any CPU
		{A442F00C-7041-463E-9EC2-A4C813BC27CD}.Debug|x64.Deploy.0 = Debug|Any CPU
		{A442F00C-7041-463E-9EC2-A4C813BC27CD}.Debug|x86.ActiveCfg = Debug|Any CPU
		{A442F00C-7041-463E-9EC2-A4C813BC27CD}.Debug|x86.Build.0 = Debug|Any CPU
		{A442F00C-7041-463E-9EC2-A4C813BC27CD}.Debug|x86.Deploy.0 = Debug|Any CPU
		{A442F00C-7041-463E-9EC2-A4C813BC27CD}.Release|Any CPU.ActiveCfg = Release|Any CPU
		{A442F00C-7041-463E-9EC2-A4C813BC27CD}.Release|Any CPU.Build.0 = Release|Any CPU
		{A442F00C-7041-463E-9EC2-A4C813BC27CD}.Release|Any CPU.Deploy.0 = Release|Any CPU
		{A442F00C-7041-463E-9EC2-A4C813BC27CD}.Release|ARM.ActiveCfg = Release|Any CPU
		{A442F00C-7041-463E-9EC2-A4C813BC27CD}.Release|ARM.Build.0 = Release|Any CPU
		{A442F00C-7041-463E-9EC2-A4C813BC27CD}.Release|ARM.Deploy.0 = Release|Any CPU
		{A442F00C-7041-463E-9EC2-A4C813BC27CD}.Release|iPhone.ActiveCfg = Release|Any CPU
		{A442F00C-7041-463E-9EC2-A4C813BC27CD}.Release|iPhone.Build.0 = Release|Any CPU
		{A442F00C-7041-463E-9EC2-A4C813BC27CD}.Release|iPhone.Deploy.0 = Release|Any CPU
		{A442F00C-7041-463E-9EC2-A4C813BC27CD}.Release|iPhoneSimulator.ActiveCfg = Release|Any CPU
		{A442F00C-7041-463E-9EC2-A4C813BC27CD}.Release|iPhoneSimulator.Build.0 = Release|Any CPU
		{A442F00C-7041-463E-9EC2-A4C813BC27CD}.Release|iPhoneSimulator.Deploy.0 = Release|Any CPU
		{A442F00C-7041-463E-9EC2-A4C813BC27CD}.Release|x64.ActiveCfg = Release|Any CPU
		{A442F00C-7041-463E-9EC2-A4C813BC27CD}.Release|x64.Build.0 = Release|Any CPU
		{A442F00C-7041-463E-9EC2-A4C813BC27CD}.Release|x64.Deploy.0 = Release|Any CPU
		{A442F00C-7041-463E-9EC2-A4C813BC27CD}.Release|x86.ActiveCfg = Release|Any CPU
		{A442F00C-7041-463E-9EC2-A4C813BC27CD}.Release|x86.Build.0 = Release|Any CPU
		{A442F00C-7041-463E-9EC2-A4C813BC27CD}.Release|x86.Deploy.0 = Release|Any CPU
		{853375B5-674B-4D1E-A3AD-0F9A8F464B1B}.Ad-Hoc|Any CPU.ActiveCfg = Ad-Hoc|iPhone
		{853375B5-674B-4D1E-A3AD-0F9A8F464B1B}.Ad-Hoc|ARM.ActiveCfg = Ad-Hoc|iPhone
		{853375B5-674B-4D1E-A3AD-0F9A8F464B1B}.Ad-Hoc|iPhone.ActiveCfg = Ad-Hoc|iPhone
		{853375B5-674B-4D1E-A3AD-0F9A8F464B1B}.Ad-Hoc|iPhone.Build.0 = Ad-Hoc|iPhone
		{853375B5-674B-4D1E-A3AD-0F9A8F464B1B}.Ad-Hoc|iPhoneSimulator.ActiveCfg = Ad-Hoc|iPhoneSimulator
		{853375B5-674B-4D1E-A3AD-0F9A8F464B1B}.Ad-Hoc|iPhoneSimulator.Build.0 = Ad-Hoc|iPhoneSimulator
		{853375B5-674B-4D1E-A3AD-0F9A8F464B1B}.Ad-Hoc|x64.ActiveCfg = Ad-Hoc|iPhone
		{853375B5-674B-4D1E-A3AD-0F9A8F464B1B}.Ad-Hoc|x86.ActiveCfg = Ad-Hoc|iPhone
		{853375B5-674B-4D1E-A3AD-0F9A8F464B1B}.AppStore|Any CPU.ActiveCfg = AppStore|iPhone
		{853375B5-674B-4D1E-A3AD-0F9A8F464B1B}.AppStore|ARM.ActiveCfg = AppStore|iPhone
		{853375B5-674B-4D1E-A3AD-0F9A8F464B1B}.AppStore|iPhone.ActiveCfg = AppStore|iPhone
		{853375B5-674B-4D1E-A3AD-0F9A8F464B1B}.AppStore|iPhone.Build.0 = AppStore|iPhone
		{853375B5-674B-4D1E-A3AD-0F9A8F464B1B}.AppStore|iPhoneSimulator.ActiveCfg = AppStore|iPhoneSimulator
		{853375B5-674B-4D1E-A3AD-0F9A8F464B1B}.AppStore|iPhoneSimulator.Build.0 = AppStore|iPhoneSimulator
		{853375B5-674B-4D1E-A3AD-0F9A8F464B1B}.AppStore|x64.ActiveCfg = AppStore|iPhone
		{853375B5-674B-4D1E-A3AD-0F9A8F464B1B}.AppStore|x86.ActiveCfg = AppStore|iPhone
		{853375B5-674B-4D1E-A3AD-0F9A8F464B1B}.Debug|Any CPU.ActiveCfg = Debug|iPhone
		{853375B5-674B-4D1E-A3AD-0F9A8F464B1B}.Debug|ARM.ActiveCfg = Debug|iPhone
		{853375B5-674B-4D1E-A3AD-0F9A8F464B1B}.Debug|iPhone.ActiveCfg = Debug|iPhone
		{853375B5-674B-4D1E-A3AD-0F9A8F464B1B}.Debug|iPhone.Build.0 = Debug|iPhone
		{853375B5-674B-4D1E-A3AD-0F9A8F464B1B}.Debug|iPhoneSimulator.ActiveCfg = Debug|iPhoneSimulator
		{853375B5-674B-4D1E-A3AD-0F9A8F464B1B}.Debug|iPhoneSimulator.Build.0 = Debug|iPhoneSimulator
		{853375B5-674B-4D1E-A3AD-0F9A8F464B1B}.Debug|x64.ActiveCfg = Debug|iPhone
		{853375B5-674B-4D1E-A3AD-0F9A8F464B1B}.Debug|x86.ActiveCfg = Debug|iPhone
		{853375B5-674B-4D1E-A3AD-0F9A8F464B1B}.Release|Any CPU.ActiveCfg = Release|iPhone
		{853375B5-674B-4D1E-A3AD-0F9A8F464B1B}.Release|ARM.ActiveCfg = Release|iPhone
		{853375B5-674B-4D1E-A3AD-0F9A8F464B1B}.Release|iPhone.ActiveCfg = Release|iPhone
		{853375B5-674B-4D1E-A3AD-0F9A8F464B1B}.Release|iPhone.Build.0 = Release|iPhone
		{853375B5-674B-4D1E-A3AD-0F9A8F464B1B}.Release|iPhoneSimulator.ActiveCfg = Release|iPhoneSimulator
		{853375B5-674B-4D1E-A3AD-0F9A8F464B1B}.Release|iPhoneSimulator.Build.0 = Release|iPhoneSimulator
		{853375B5-674B-4D1E-A3AD-0F9A8F464B1B}.Release|x64.ActiveCfg = Release|iPhone
		{853375B5-674B-4D1E-A3AD-0F9A8F464B1B}.Release|x86.ActiveCfg = Release|iPhone
		{08542A23-B508-4507-96B7-745223B2D696}.Ad-Hoc|Any CPU.ActiveCfg = Release|Any CPU
		{08542A23-B508-4507-96B7-745223B2D696}.Ad-Hoc|Any CPU.Build.0 = Release|Any CPU
		{08542A23-B508-4507-96B7-745223B2D696}.Ad-Hoc|Any CPU.Deploy.0 = Release|Any CPU
		{08542A23-B508-4507-96B7-745223B2D696}.Ad-Hoc|ARM.ActiveCfg = Release|ARM
		{08542A23-B508-4507-96B7-745223B2D696}.Ad-Hoc|ARM.Build.0 = Release|ARM
		{08542A23-B508-4507-96B7-745223B2D696}.Ad-Hoc|ARM.Deploy.0 = Release|ARM
		{08542A23-B508-4507-96B7-745223B2D696}.Ad-Hoc|iPhone.ActiveCfg = Release|Any CPU
		{08542A23-B508-4507-96B7-745223B2D696}.Ad-Hoc|iPhone.Build.0 = Release|Any CPU
		{08542A23-B508-4507-96B7-745223B2D696}.Ad-Hoc|iPhone.Deploy.0 = Release|Any CPU
		{08542A23-B508-4507-96B7-745223B2D696}.Ad-Hoc|iPhoneSimulator.ActiveCfg = Release|Any CPU
		{08542A23-B508-4507-96B7-745223B2D696}.Ad-Hoc|iPhoneSimulator.Build.0 = Release|Any CPU
		{08542A23-B508-4507-96B7-745223B2D696}.Ad-Hoc|iPhoneSimulator.Deploy.0 = Release|Any CPU
		{08542A23-B508-4507-96B7-745223B2D696}.Ad-Hoc|x64.ActiveCfg = Release|Any CPU
		{08542A23-B508-4507-96B7-745223B2D696}.Ad-Hoc|x64.Build.0 = Release|Any CPU
		{08542A23-B508-4507-96B7-745223B2D696}.Ad-Hoc|x64.Deploy.0 = Release|Any CPU
		{08542A23-B508-4507-96B7-745223B2D696}.Ad-Hoc|x86.ActiveCfg = Release|x86
		{08542A23-B508-4507-96B7-745223B2D696}.Ad-Hoc|x86.Build.0 = Release|x86
		{08542A23-B508-4507-96B7-745223B2D696}.Ad-Hoc|x86.Deploy.0 = Release|x86
		{08542A23-B508-4507-96B7-745223B2D696}.AppStore|Any CPU.ActiveCfg = Release|Any CPU
		{08542A23-B508-4507-96B7-745223B2D696}.AppStore|Any CPU.Build.0 = Release|Any CPU
		{08542A23-B508-4507-96B7-745223B2D696}.AppStore|Any CPU.Deploy.0 = Release|Any CPU
		{08542A23-B508-4507-96B7-745223B2D696}.AppStore|ARM.ActiveCfg = Release|ARM
		{08542A23-B508-4507-96B7-745223B2D696}.AppStore|ARM.Build.0 = Release|ARM
		{08542A23-B508-4507-96B7-745223B2D696}.AppStore|ARM.Deploy.0 = Release|ARM
		{08542A23-B508-4507-96B7-745223B2D696}.AppStore|iPhone.ActiveCfg = Release|Any CPU
		{08542A23-B508-4507-96B7-745223B2D696}.AppStore|iPhone.Build.0 = Release|Any CPU
		{08542A23-B508-4507-96B7-745223B2D696}.AppStore|iPhone.Deploy.0 = Release|Any CPU
		{08542A23-B508-4507-96B7-745223B2D696}.AppStore|iPhoneSimulator.ActiveCfg = Release|Any CPU
		{08542A23-B508-4507-96B7-745223B2D696}.AppStore|iPhoneSimulator.Build.0 = Release|Any CPU
		{08542A23-B508-4507-96B7-745223B2D696}.AppStore|iPhoneSimulator.Deploy.0 = Release|Any CPU
		{08542A23-B508-4507-96B7-745223B2D696}.AppStore|x64.ActiveCfg = Release|Any CPU
		{08542A23-B508-4507-96B7-745223B2D696}.AppStore|x64.Build.0 = Release|Any CPU
		{08542A23-B508-4507-96B7-745223B2D696}.AppStore|x64.Deploy.0 = Release|Any CPU
		{08542A23-B508-4507-96B7-745223B2D696}.AppStore|x86.ActiveCfg = Release|x86
		{08542A23-B508-4507-96B7-745223B2D696}.AppStore|x86.Build.0 = Release|x86
		{08542A23-B508-4507-96B7-745223B2D696}.AppStore|x86.Deploy.0 = Release|x86
		{08542A23-B508-4507-96B7-745223B2D696}.Debug|Any CPU.ActiveCfg = Debug|Any CPU
		{08542A23-B508-4507-96B7-745223B2D696}.Debug|Any CPU.Build.0 = Debug|Any CPU
		{08542A23-B508-4507-96B7-745223B2D696}.Debug|Any CPU.Deploy.0 = Debug|Any CPU
		{08542A23-B508-4507-96B7-745223B2D696}.Debug|ARM.ActiveCfg = Debug|ARM
		{08542A23-B508-4507-96B7-745223B2D696}.Debug|ARM.Build.0 = Debug|ARM
		{08542A23-B508-4507-96B7-745223B2D696}.Debug|ARM.Deploy.0 = Debug|ARM
		{08542A23-B508-4507-96B7-745223B2D696}.Debug|iPhone.ActiveCfg = Debug|Any CPU
		{08542A23-B508-4507-96B7-745223B2D696}.Debug|iPhone.Build.0 = Debug|Any CPU
		{08542A23-B508-4507-96B7-745223B2D696}.Debug|iPhone.Deploy.0 = Debug|Any CPU
		{08542A23-B508-4507-96B7-745223B2D696}.Debug|iPhoneSimulator.ActiveCfg = Debug|Any CPU
		{08542A23-B508-4507-96B7-745223B2D696}.Debug|iPhoneSimulator.Build.0 = Debug|Any CPU
		{08542A23-B508-4507-96B7-745223B2D696}.Debug|iPhoneSimulator.Deploy.0 = Debug|Any CPU
		{08542A23-B508-4507-96B7-745223B2D696}.Debug|x64.ActiveCfg = Debug|Any CPU
		{08542A23-B508-4507-96B7-745223B2D696}.Debug|x64.Build.0 = Debug|Any CPU
		{08542A23-B508-4507-96B7-745223B2D696}.Debug|x64.Deploy.0 = Debug|Any CPU
		{08542A23-B508-4507-96B7-745223B2D696}.Debug|x86.ActiveCfg = Debug|x86
		{08542A23-B508-4507-96B7-745223B2D696}.Debug|x86.Build.0 = Debug|x86
		{08542A23-B508-4507-96B7-745223B2D696}.Debug|x86.Deploy.0 = Debug|x86
		{08542A23-B508-4507-96B7-745223B2D696}.Release|Any CPU.ActiveCfg = Release|Any CPU
		{08542A23-B508-4507-96B7-745223B2D696}.Release|Any CPU.Build.0 = Release|Any CPU
		{08542A23-B508-4507-96B7-745223B2D696}.Release|Any CPU.Deploy.0 = Release|Any CPU
		{08542A23-B508-4507-96B7-745223B2D696}.Release|ARM.ActiveCfg = Release|ARM
		{08542A23-B508-4507-96B7-745223B2D696}.Release|ARM.Build.0 = Release|ARM
		{08542A23-B508-4507-96B7-745223B2D696}.Release|ARM.Deploy.0 = Release|ARM
		{08542A23-B508-4507-96B7-745223B2D696}.Release|iPhone.ActiveCfg = Release|Any CPU
		{08542A23-B508-4507-96B7-745223B2D696}.Release|iPhone.Build.0 = Release|Any CPU
		{08542A23-B508-4507-96B7-745223B2D696}.Release|iPhone.Deploy.0 = Release|Any CPU
		{08542A23-B508-4507-96B7-745223B2D696}.Release|iPhoneSimulator.ActiveCfg = Release|Any CPU
		{08542A23-B508-4507-96B7-745223B2D696}.Release|iPhoneSimulator.Build.0 = Release|Any CPU
		{08542A23-B508-4507-96B7-745223B2D696}.Release|iPhoneSimulator.Deploy.0 = Release|Any CPU
		{08542A23-B508-4507-96B7-745223B2D696}.Release|x64.ActiveCfg = Release|Any CPU
		{08542A23-B508-4507-96B7-745223B2D696}.Release|x64.Build.0 = Release|Any CPU
		{08542A23-B508-4507-96B7-745223B2D696}.Release|x64.Deploy.0 = Release|Any CPU
		{08542A23-B508-4507-96B7-745223B2D696}.Release|x86.ActiveCfg = Release|x86
		{08542A23-B508-4507-96B7-745223B2D696}.Release|x86.Build.0 = Release|x86
		{08542A23-B508-4507-96B7-745223B2D696}.Release|x86.Deploy.0 = Release|x86
		{D8F4D5DE-3652-48B0-8295-08DAA95081EF}.Ad-Hoc|Any CPU.ActiveCfg = Release|x86
		{D8F4D5DE-3652-48B0-8295-08DAA95081EF}.Ad-Hoc|Any CPU.Build.0 = Release|x86
		{D8F4D5DE-3652-48B0-8295-08DAA95081EF}.Ad-Hoc|Any CPU.Deploy.0 = Release|x86
		{D8F4D5DE-3652-48B0-8295-08DAA95081EF}.Ad-Hoc|ARM.ActiveCfg = Release|ARM
		{D8F4D5DE-3652-48B0-8295-08DAA95081EF}.Ad-Hoc|ARM.Build.0 = Release|ARM
		{D8F4D5DE-3652-48B0-8295-08DAA95081EF}.Ad-Hoc|ARM.Deploy.0 = Release|ARM
		{D8F4D5DE-3652-48B0-8295-08DAA95081EF}.Ad-Hoc|iPhone.ActiveCfg = Release|x86
		{D8F4D5DE-3652-48B0-8295-08DAA95081EF}.Ad-Hoc|iPhone.Build.0 = Release|x86
		{D8F4D5DE-3652-48B0-8295-08DAA95081EF}.Ad-Hoc|iPhone.Deploy.0 = Release|x86
		{D8F4D5DE-3652-48B0-8295-08DAA95081EF}.Ad-Hoc|iPhoneSimulator.ActiveCfg = Release|x86
		{D8F4D5DE-3652-48B0-8295-08DAA95081EF}.Ad-Hoc|iPhoneSimulator.Build.0 = Release|x86
		{D8F4D5DE-3652-48B0-8295-08DAA95081EF}.Ad-Hoc|iPhoneSimulator.Deploy.0 = Release|x86
		{D8F4D5DE-3652-48B0-8295-08DAA95081EF}.Ad-Hoc|x64.ActiveCfg = Release|x64
		{D8F4D5DE-3652-48B0-8295-08DAA95081EF}.Ad-Hoc|x64.Build.0 = Release|x64
		{D8F4D5DE-3652-48B0-8295-08DAA95081EF}.Ad-Hoc|x64.Deploy.0 = Release|x64
		{D8F4D5DE-3652-48B0-8295-08DAA95081EF}.Ad-Hoc|x86.ActiveCfg = Release|x86
		{D8F4D5DE-3652-48B0-8295-08DAA95081EF}.Ad-Hoc|x86.Build.0 = Release|x86
		{D8F4D5DE-3652-48B0-8295-08DAA95081EF}.Ad-Hoc|x86.Deploy.0 = Release|x86
		{D8F4D5DE-3652-48B0-8295-08DAA95081EF}.AppStore|Any CPU.ActiveCfg = Release|x86
		{D8F4D5DE-3652-48B0-8295-08DAA95081EF}.AppStore|Any CPU.Build.0 = Release|x86
		{D8F4D5DE-3652-48B0-8295-08DAA95081EF}.AppStore|Any CPU.Deploy.0 = Release|x86
		{D8F4D5DE-3652-48B0-8295-08DAA95081EF}.AppStore|ARM.ActiveCfg = Release|ARM
		{D8F4D5DE-3652-48B0-8295-08DAA95081EF}.AppStore|ARM.Build.0 = Release|ARM
		{D8F4D5DE-3652-48B0-8295-08DAA95081EF}.AppStore|ARM.Deploy.0 = Release|ARM
		{D8F4D5DE-3652-48B0-8295-08DAA95081EF}.AppStore|iPhone.ActiveCfg = Release|x86
		{D8F4D5DE-3652-48B0-8295-08DAA95081EF}.AppStore|iPhone.Build.0 = Release|x86
		{D8F4D5DE-3652-48B0-8295-08DAA95081EF}.AppStore|iPhone.Deploy.0 = Release|x86
		{D8F4D5DE-3652-48B0-8295-08DAA95081EF}.AppStore|iPhoneSimulator.ActiveCfg = Release|x86
		{D8F4D5DE-3652-48B0-8295-08DAA95081EF}.AppStore|iPhoneSimulator.Build.0 = Release|x86
		{D8F4D5DE-3652-48B0-8295-08DAA95081EF}.AppStore|iPhoneSimulator.Deploy.0 = Release|x86
		{D8F4D5DE-3652-48B0-8295-08DAA95081EF}.AppStore|x64.ActiveCfg = Release|x64
		{D8F4D5DE-3652-48B0-8295-08DAA95081EF}.AppStore|x64.Build.0 = Release|x64
		{D8F4D5DE-3652-48B0-8295-08DAA95081EF}.AppStore|x64.Deploy.0 = Release|x64
		{D8F4D5DE-3652-48B0-8295-08DAA95081EF}.AppStore|x86.ActiveCfg = Release|x86
		{D8F4D5DE-3652-48B0-8295-08DAA95081EF}.AppStore|x86.Build.0 = Release|x86
		{D8F4D5DE-3652-48B0-8295-08DAA95081EF}.AppStore|x86.Deploy.0 = Release|x86
		{D8F4D5DE-3652-48B0-8295-08DAA95081EF}.Debug|Any CPU.ActiveCfg = Debug|x86
		{D8F4D5DE-3652-48B0-8295-08DAA95081EF}.Debug|ARM.ActiveCfg = Debug|ARM
		{D8F4D5DE-3652-48B0-8295-08DAA95081EF}.Debug|ARM.Build.0 = Debug|ARM
		{D8F4D5DE-3652-48B0-8295-08DAA95081EF}.Debug|ARM.Deploy.0 = Debug|ARM
		{D8F4D5DE-3652-48B0-8295-08DAA95081EF}.Debug|iPhone.ActiveCfg = Debug|x86
		{D8F4D5DE-3652-48B0-8295-08DAA95081EF}.Debug|iPhoneSimulator.ActiveCfg = Debug|x86
		{D8F4D5DE-3652-48B0-8295-08DAA95081EF}.Debug|x64.ActiveCfg = Debug|x64
		{D8F4D5DE-3652-48B0-8295-08DAA95081EF}.Debug|x64.Build.0 = Debug|x64
		{D8F4D5DE-3652-48B0-8295-08DAA95081EF}.Debug|x64.Deploy.0 = Debug|x64
		{D8F4D5DE-3652-48B0-8295-08DAA95081EF}.Debug|x86.ActiveCfg = Debug|x86
		{D8F4D5DE-3652-48B0-8295-08DAA95081EF}.Debug|x86.Build.0 = Debug|x86
		{D8F4D5DE-3652-48B0-8295-08DAA95081EF}.Debug|x86.Deploy.0 = Debug|x86
		{D8F4D5DE-3652-48B0-8295-08DAA95081EF}.Release|Any CPU.ActiveCfg = Release|x86
		{D8F4D5DE-3652-48B0-8295-08DAA95081EF}.Release|ARM.ActiveCfg = Release|ARM
		{D8F4D5DE-3652-48B0-8295-08DAA95081EF}.Release|ARM.Build.0 = Release|ARM
		{D8F4D5DE-3652-48B0-8295-08DAA95081EF}.Release|ARM.Deploy.0 = Release|ARM
		{D8F4D5DE-3652-48B0-8295-08DAA95081EF}.Release|iPhone.ActiveCfg = Release|x86
		{D8F4D5DE-3652-48B0-8295-08DAA95081EF}.Release|iPhoneSimulator.ActiveCfg = Release|x86
		{D8F4D5DE-3652-48B0-8295-08DAA95081EF}.Release|x64.ActiveCfg = Release|x64
		{D8F4D5DE-3652-48B0-8295-08DAA95081EF}.Release|x64.Build.0 = Release|x64
		{D8F4D5DE-3652-48B0-8295-08DAA95081EF}.Release|x64.Deploy.0 = Release|x64
		{D8F4D5DE-3652-48B0-8295-08DAA95081EF}.Release|x86.ActiveCfg = Release|x86
		{D8F4D5DE-3652-48B0-8295-08DAA95081EF}.Release|x86.Build.0 = Release|x86
		{D8F4D5DE-3652-48B0-8295-08DAA95081EF}.Release|x86.Deploy.0 = Release|x86
		{FD8310E3-F412-4CF9-B16D-68CED8FA02BE}.Ad-Hoc|Any CPU.ActiveCfg = Release|Any CPU
		{FD8310E3-F412-4CF9-B16D-68CED8FA02BE}.Ad-Hoc|Any CPU.Build.0 = Release|Any CPU
		{FD8310E3-F412-4CF9-B16D-68CED8FA02BE}.Ad-Hoc|Any CPU.Deploy.0 = Release|Any CPU
		{FD8310E3-F412-4CF9-B16D-68CED8FA02BE}.Ad-Hoc|ARM.ActiveCfg = Release|ARM
		{FD8310E3-F412-4CF9-B16D-68CED8FA02BE}.Ad-Hoc|ARM.Build.0 = Release|ARM
		{FD8310E3-F412-4CF9-B16D-68CED8FA02BE}.Ad-Hoc|ARM.Deploy.0 = Release|ARM
		{FD8310E3-F412-4CF9-B16D-68CED8FA02BE}.Ad-Hoc|iPhone.ActiveCfg = Release|Any CPU
		{FD8310E3-F412-4CF9-B16D-68CED8FA02BE}.Ad-Hoc|iPhone.Build.0 = Release|Any CPU
		{FD8310E3-F412-4CF9-B16D-68CED8FA02BE}.Ad-Hoc|iPhone.Deploy.0 = Release|Any CPU
		{FD8310E3-F412-4CF9-B16D-68CED8FA02BE}.Ad-Hoc|iPhoneSimulator.ActiveCfg = Release|Any CPU
		{FD8310E3-F412-4CF9-B16D-68CED8FA02BE}.Ad-Hoc|iPhoneSimulator.Build.0 = Release|Any CPU
		{FD8310E3-F412-4CF9-B16D-68CED8FA02BE}.Ad-Hoc|iPhoneSimulator.Deploy.0 = Release|Any CPU
		{FD8310E3-F412-4CF9-B16D-68CED8FA02BE}.Ad-Hoc|x64.ActiveCfg = Release|x64
		{FD8310E3-F412-4CF9-B16D-68CED8FA02BE}.Ad-Hoc|x64.Build.0 = Release|x64
		{FD8310E3-F412-4CF9-B16D-68CED8FA02BE}.Ad-Hoc|x64.Deploy.0 = Release|x64
		{FD8310E3-F412-4CF9-B16D-68CED8FA02BE}.Ad-Hoc|x86.ActiveCfg = Release|x86
		{FD8310E3-F412-4CF9-B16D-68CED8FA02BE}.Ad-Hoc|x86.Build.0 = Release|x86
		{FD8310E3-F412-4CF9-B16D-68CED8FA02BE}.Ad-Hoc|x86.Deploy.0 = Release|x86
		{FD8310E3-F412-4CF9-B16D-68CED8FA02BE}.AppStore|Any CPU.ActiveCfg = Release|Any CPU
		{FD8310E3-F412-4CF9-B16D-68CED8FA02BE}.AppStore|Any CPU.Build.0 = Release|Any CPU
		{FD8310E3-F412-4CF9-B16D-68CED8FA02BE}.AppStore|Any CPU.Deploy.0 = Release|Any CPU
		{FD8310E3-F412-4CF9-B16D-68CED8FA02BE}.AppStore|ARM.ActiveCfg = Release|ARM
		{FD8310E3-F412-4CF9-B16D-68CED8FA02BE}.AppStore|ARM.Build.0 = Release|ARM
		{FD8310E3-F412-4CF9-B16D-68CED8FA02BE}.AppStore|ARM.Deploy.0 = Release|ARM
		{FD8310E3-F412-4CF9-B16D-68CED8FA02BE}.AppStore|iPhone.ActiveCfg = Release|Any CPU
		{FD8310E3-F412-4CF9-B16D-68CED8FA02BE}.AppStore|iPhone.Build.0 = Release|Any CPU
		{FD8310E3-F412-4CF9-B16D-68CED8FA02BE}.AppStore|iPhone.Deploy.0 = Release|Any CPU
		{FD8310E3-F412-4CF9-B16D-68CED8FA02BE}.AppStore|iPhoneSimulator.ActiveCfg = Release|Any CPU
		{FD8310E3-F412-4CF9-B16D-68CED8FA02BE}.AppStore|iPhoneSimulator.Build.0 = Release|Any CPU
		{FD8310E3-F412-4CF9-B16D-68CED8FA02BE}.AppStore|iPhoneSimulator.Deploy.0 = Release|Any CPU
		{FD8310E3-F412-4CF9-B16D-68CED8FA02BE}.AppStore|x64.ActiveCfg = Release|x64
		{FD8310E3-F412-4CF9-B16D-68CED8FA02BE}.AppStore|x64.Build.0 = Release|x64
		{FD8310E3-F412-4CF9-B16D-68CED8FA02BE}.AppStore|x64.Deploy.0 = Release|x64
		{FD8310E3-F412-4CF9-B16D-68CED8FA02BE}.AppStore|x86.ActiveCfg = Release|x86
		{FD8310E3-F412-4CF9-B16D-68CED8FA02BE}.AppStore|x86.Build.0 = Release|x86
		{FD8310E3-F412-4CF9-B16D-68CED8FA02BE}.AppStore|x86.Deploy.0 = Release|x86
		{FD8310E3-F412-4CF9-B16D-68CED8FA02BE}.Debug|Any CPU.ActiveCfg = Debug|Any CPU
		{FD8310E3-F412-4CF9-B16D-68CED8FA02BE}.Debug|Any CPU.Build.0 = Debug|Any CPU
		{FD8310E3-F412-4CF9-B16D-68CED8FA02BE}.Debug|Any CPU.Deploy.0 = Debug|Any CPU
		{FD8310E3-F412-4CF9-B16D-68CED8FA02BE}.Debug|ARM.ActiveCfg = Debug|ARM
		{FD8310E3-F412-4CF9-B16D-68CED8FA02BE}.Debug|ARM.Build.0 = Debug|ARM
		{FD8310E3-F412-4CF9-B16D-68CED8FA02BE}.Debug|ARM.Deploy.0 = Debug|ARM
		{FD8310E3-F412-4CF9-B16D-68CED8FA02BE}.Debug|iPhone.ActiveCfg = Debug|Any CPU
		{FD8310E3-F412-4CF9-B16D-68CED8FA02BE}.Debug|iPhone.Build.0 = Debug|Any CPU
		{FD8310E3-F412-4CF9-B16D-68CED8FA02BE}.Debug|iPhone.Deploy.0 = Debug|Any CPU
		{FD8310E3-F412-4CF9-B16D-68CED8FA02BE}.Debug|iPhoneSimulator.ActiveCfg = Debug|Any CPU
		{FD8310E3-F412-4CF9-B16D-68CED8FA02BE}.Debug|iPhoneSimulator.Build.0 = Debug|Any CPU
		{FD8310E3-F412-4CF9-B16D-68CED8FA02BE}.Debug|iPhoneSimulator.Deploy.0 = Debug|Any CPU
		{FD8310E3-F412-4CF9-B16D-68CED8FA02BE}.Debug|x64.ActiveCfg = Debug|x64
		{FD8310E3-F412-4CF9-B16D-68CED8FA02BE}.Debug|x64.Build.0 = Debug|x64
		{FD8310E3-F412-4CF9-B16D-68CED8FA02BE}.Debug|x64.Deploy.0 = Debug|x64
		{FD8310E3-F412-4CF9-B16D-68CED8FA02BE}.Debug|x86.ActiveCfg = Debug|x86
		{FD8310E3-F412-4CF9-B16D-68CED8FA02BE}.Debug|x86.Build.0 = Debug|x86
		{FD8310E3-F412-4CF9-B16D-68CED8FA02BE}.Debug|x86.Deploy.0 = Debug|x86
		{FD8310E3-F412-4CF9-B16D-68CED8FA02BE}.Release|Any CPU.ActiveCfg = Release|Any CPU
		{FD8310E3-F412-4CF9-B16D-68CED8FA02BE}.Release|Any CPU.Build.0 = Release|Any CPU
		{FD8310E3-F412-4CF9-B16D-68CED8FA02BE}.Release|Any CPU.Deploy.0 = Release|Any CPU
		{FD8310E3-F412-4CF9-B16D-68CED8FA02BE}.Release|ARM.ActiveCfg = Release|ARM
		{FD8310E3-F412-4CF9-B16D-68CED8FA02BE}.Release|ARM.Build.0 = Release|ARM
		{FD8310E3-F412-4CF9-B16D-68CED8FA02BE}.Release|ARM.Deploy.0 = Release|ARM
		{FD8310E3-F412-4CF9-B16D-68CED8FA02BE}.Release|iPhone.ActiveCfg = Release|Any CPU
		{FD8310E3-F412-4CF9-B16D-68CED8FA02BE}.Release|iPhone.Build.0 = Release|Any CPU
		{FD8310E3-F412-4CF9-B16D-68CED8FA02BE}.Release|iPhone.Deploy.0 = Release|Any CPU
		{FD8310E3-F412-4CF9-B16D-68CED8FA02BE}.Release|iPhoneSimulator.ActiveCfg = Release|Any CPU
		{FD8310E3-F412-4CF9-B16D-68CED8FA02BE}.Release|iPhoneSimulator.Build.0 = Release|Any CPU
		{FD8310E3-F412-4CF9-B16D-68CED8FA02BE}.Release|iPhoneSimulator.Deploy.0 = Release|Any CPU
		{FD8310E3-F412-4CF9-B16D-68CED8FA02BE}.Release|x64.ActiveCfg = Release|x64
		{FD8310E3-F412-4CF9-B16D-68CED8FA02BE}.Release|x64.Build.0 = Release|x64
		{FD8310E3-F412-4CF9-B16D-68CED8FA02BE}.Release|x64.Deploy.0 = Release|x64
		{FD8310E3-F412-4CF9-B16D-68CED8FA02BE}.Release|x86.ActiveCfg = Release|x86
		{FD8310E3-F412-4CF9-B16D-68CED8FA02BE}.Release|x86.Build.0 = Release|x86
		{FD8310E3-F412-4CF9-B16D-68CED8FA02BE}.Release|x86.Deploy.0 = Release|x86
		{CD340374-E01F-483A-ADD6-920F30A9234D}.Ad-Hoc|Any CPU.ActiveCfg = Release|Any CPU
		{CD340374-E01F-483A-ADD6-920F30A9234D}.Ad-Hoc|Any CPU.Build.0 = Release|Any CPU
		{CD340374-E01F-483A-ADD6-920F30A9234D}.Ad-Hoc|ARM.ActiveCfg = Release|Any CPU
		{CD340374-E01F-483A-ADD6-920F30A9234D}.Ad-Hoc|ARM.Build.0 = Release|Any CPU
		{CD340374-E01F-483A-ADD6-920F30A9234D}.Ad-Hoc|iPhone.ActiveCfg = Release|Any CPU
		{CD340374-E01F-483A-ADD6-920F30A9234D}.Ad-Hoc|iPhone.Build.0 = Release|Any CPU
		{CD340374-E01F-483A-ADD6-920F30A9234D}.Ad-Hoc|iPhoneSimulator.ActiveCfg = Release|Any CPU
		{CD340374-E01F-483A-ADD6-920F30A9234D}.Ad-Hoc|iPhoneSimulator.Build.0 = Release|Any CPU
		{CD340374-E01F-483A-ADD6-920F30A9234D}.Ad-Hoc|x64.ActiveCfg = Release|Any CPU
		{CD340374-E01F-483A-ADD6-920F30A9234D}.Ad-Hoc|x64.Build.0 = Release|Any CPU
		{CD340374-E01F-483A-ADD6-920F30A9234D}.Ad-Hoc|x86.ActiveCfg = Release|Any CPU
		{CD340374-E01F-483A-ADD6-920F30A9234D}.Ad-Hoc|x86.Build.0 = Release|Any CPU
		{CD340374-E01F-483A-ADD6-920F30A9234D}.AppStore|Any CPU.ActiveCfg = Release|Any CPU
		{CD340374-E01F-483A-ADD6-920F30A9234D}.AppStore|Any CPU.Build.0 = Release|Any CPU
		{CD340374-E01F-483A-ADD6-920F30A9234D}.AppStore|ARM.ActiveCfg = Release|Any CPU
		{CD340374-E01F-483A-ADD6-920F30A9234D}.AppStore|ARM.Build.0 = Release|Any CPU
		{CD340374-E01F-483A-ADD6-920F30A9234D}.AppStore|iPhone.ActiveCfg = Release|Any CPU
		{CD340374-E01F-483A-ADD6-920F30A9234D}.AppStore|iPhone.Build.0 = Release|Any CPU
		{CD340374-E01F-483A-ADD6-920F30A9234D}.AppStore|iPhoneSimulator.ActiveCfg = Release|Any CPU
		{CD340374-E01F-483A-ADD6-920F30A9234D}.AppStore|iPhoneSimulator.Build.0 = Release|Any CPU
		{CD340374-E01F-483A-ADD6-920F30A9234D}.AppStore|x64.ActiveCfg = Release|Any CPU
		{CD340374-E01F-483A-ADD6-920F30A9234D}.AppStore|x64.Build.0 = Release|Any CPU
		{CD340374-E01F-483A-ADD6-920F30A9234D}.AppStore|x86.ActiveCfg = Release|Any CPU
		{CD340374-E01F-483A-ADD6-920F30A9234D}.AppStore|x86.Build.0 = Release|Any CPU
		{CD340374-E01F-483A-ADD6-920F30A9234D}.Debug|Any CPU.ActiveCfg = Debug|Any CPU
		{CD340374-E01F-483A-ADD6-920F30A9234D}.Debug|Any CPU.Build.0 = Debug|Any CPU
		{CD340374-E01F-483A-ADD6-920F30A9234D}.Debug|ARM.ActiveCfg = Debug|Any CPU
		{CD340374-E01F-483A-ADD6-920F30A9234D}.Debug|ARM.Build.0 = Debug|Any CPU
		{CD340374-E01F-483A-ADD6-920F30A9234D}.Debug|iPhone.ActiveCfg = Debug|Any CPU
		{CD340374-E01F-483A-ADD6-920F30A9234D}.Debug|iPhone.Build.0 = Debug|Any CPU
		{CD340374-E01F-483A-ADD6-920F30A9234D}.Debug|iPhoneSimulator.ActiveCfg = Debug|Any CPU
		{CD340374-E01F-483A-ADD6-920F30A9234D}.Debug|iPhoneSimulator.Build.0 = Debug|Any CPU
		{CD340374-E01F-483A-ADD6-920F30A9234D}.Debug|x64.ActiveCfg = Debug|Any CPU
		{CD340374-E01F-483A-ADD6-920F30A9234D}.Debug|x64.Build.0 = Debug|Any CPU
		{CD340374-E01F-483A-ADD6-920F30A9234D}.Debug|x86.ActiveCfg = Debug|Any CPU
		{CD340374-E01F-483A-ADD6-920F30A9234D}.Debug|x86.Build.0 = Debug|Any CPU
		{CD340374-E01F-483A-ADD6-920F30A9234D}.Release|Any CPU.ActiveCfg = Release|Any CPU
		{CD340374-E01F-483A-ADD6-920F30A9234D}.Release|Any CPU.Build.0 = Release|Any CPU
		{CD340374-E01F-483A-ADD6-920F30A9234D}.Release|ARM.ActiveCfg = Release|Any CPU
		{CD340374-E01F-483A-ADD6-920F30A9234D}.Release|ARM.Build.0 = Release|Any CPU
		{CD340374-E01F-483A-ADD6-920F30A9234D}.Release|iPhone.ActiveCfg = Release|Any CPU
		{CD340374-E01F-483A-ADD6-920F30A9234D}.Release|iPhone.Build.0 = Release|Any CPU
		{CD340374-E01F-483A-ADD6-920F30A9234D}.Release|iPhoneSimulator.ActiveCfg = Release|Any CPU
		{CD340374-E01F-483A-ADD6-920F30A9234D}.Release|iPhoneSimulator.Build.0 = Release|Any CPU
		{CD340374-E01F-483A-ADD6-920F30A9234D}.Release|x64.ActiveCfg = Release|Any CPU
		{CD340374-E01F-483A-ADD6-920F30A9234D}.Release|x64.Build.0 = Release|Any CPU
		{CD340374-E01F-483A-ADD6-920F30A9234D}.Release|x86.ActiveCfg = Release|Any CPU
		{CD340374-E01F-483A-ADD6-920F30A9234D}.Release|x86.Build.0 = Release|Any CPU
	EndGlobalSection
	GlobalSection(SolutionProperties) = preSolution
		HideSolutionNode = FALSE
	EndGlobalSection
EndGlobal
